
Microsoft Visual Studio Solution File, Format Version 12.00
# Visual Studio 15
VisualStudioVersion = 15.0.27703.2000
MinimumVisualStudioVersion = 10.0.40219.1
Project("{FAE04EC0-301F-11D3-BF4B-00C04F79EFBC}") = "HWP1", "HWP1\HWP1.csproj", "{5A987CEB-BEEF-497C-AB9E-7AEA66D8B18E}"
EndProject
Global
	GlobalSection(SolutionConfigurationPlatforms) = preSolution
		Debug|Any CPU = Debug|Any CPU
		Release|Any CPU = Release|Any CPU
	EndGlobalSection
	GlobalSection(ProjectConfigurationPlatforms) = postSolution
		{5A987CEB-BEEF-497C-AB9E-7AEA66D8B18E}.Debug|Any CPU.ActiveCfg = Debug|Any CPU
		{5A987CEB-BEEF-497C-AB9E-7AEA66D8B18E}.Debug|Any CPU.Build.0 = Debug|Any CPU
		{5A987CEB-BEEF-497C-AB9E-7AEA66D8B18E}.Release|Any CPU.ActiveCfg = Release|Any CPU
		{5A987CEB-BEEF-497C-AB9E-7AEA66D8B18E}.Release|Any CPU.Build.0 = Release|Any CPU
	EndGlobalSection
	GlobalSection(SolutionProperties) = preSolution
		HideSolutionNode = FALSE
	EndGlobalSection
	GlobalSection(ExtensibilityGlobals) = postSolution
		SolutionGuid = {DCA22B17-2B5C-4D70-A334-253C5C6D9E3D}
	EndGlobalSection
EndGlobal
